<?xml version="1.0" encoding="UTF-8" standalone="yes" ?>
<CodeBlocks_project_file>
	<FileVersion major="1" minor="6" />
	<Project>
		<Option title="Cryolite" />
		<Option pch_mode="2" />
		<Option compiler="gcc" />
		<Option virtualFolders="src/game/;" />
		<Build>
			<Target title="Debug">
				<Option output="bin/Debug/Cryolite" prefix_auto="1" extension_auto="1" />
				<Option object_output="obj/Debug/" />
				<Option type="1" />
				<Option compiler="gcc" />
				<Compiler>
					<Add option="-g" />
					<Add option="-std=gnu++0x" />
					<Add option="-DDEBUG" />
				</Compiler>
				<Linker>
					<Add option="-lGL" />
					<Add option="-lGLU" />
					<Add option="-lSDL_image" />
					<Add option="-lSDL_ttf" />
					<Add option="-lSDL_mixer" />
					<Add option="-lalut" />
					<Add option="-lopenal" />
					<Add option="-llua" />
					<Add option="-ldl" />
				</Linker>
			</Target>
			<Target title="Release">
				<Option output="Cryolite" prefix_auto="1" extension_auto="1" />
				<Option object_output="obj/Release/" />
				<Option type="0" />
				<Option compiler="gcc" />
				<Compiler>
					<Add option="-O2" />
				</Compiler>
				<Linker>
					<Add option="-s" />
				</Linker>
			</Target>
		</Build>
		<Compiler>
			<Add option="-Wall" />
			<Add option="`sdl-config --cflags`" />
			<Add option="-I src/include" />
			<Add option="-I src/include/game" />
			<Add option="-I src/include/render" />
			<Add option="-I src/include/util" />
			<Add directory="/usr/include/SDL" />
		</Compiler>
		<Linker>
			<Add option="`sdl-config --libs`" />
			<Add option="-lGL" />
			<Add option="-lGLU" />
			<Add option="-lSDL_image" />
			<Add option="-lSDL_ttf" />
			<Add option="-lSDL_mixer" />
			<Add option="-lalut" />
			<Add option="-lopenal" />
		</Linker>
		<Unit filename="settings.lua" />
		<Unit filename="src/game/controls.cpp" />
		<Unit filename="src/game/main.cpp" />
		<Unit filename="src/game/models.cpp" />
		<Unit filename="src/game/scripts/testscript.lua" />
		<Unit filename="src/include/game/controls.h" />
		<Unit filename="src/include/game/models.h" />
		<Unit filename="src/include/lua/script.h" />
		<Unit filename="src/include/optimize/profiler.h">
			<Option target="Debug" />
		</Unit>
		<Unit filename="src/include/physics/ExtMaths.h" />
		<Unit filename="src/include/physics/PhysicsEngine.h" />
		<Unit filename="src/include/physics/PhysicsHandler.h" />
		<Unit filename="src/include/physics/PhysicsProperty.h" />
		<Unit filename="src/include/physics/boundobjects.h" />
		<Unit filename="src/include/physics/collision.h" />
		<Unit filename="src/include/render/camera.h" />
		<Unit filename="src/include/render/font.h" />
		<Unit filename="src/include/render/fps.h" />
		<Unit filename="src/include/render/level.h" />
		<Unit filename="src/include/render/light.h" />
		<Unit filename="src/include/render/material.h" />
		<Unit filename="src/include/render/object.h" />
		<Unit filename="src/include/render/polygon.h" />
		<Unit filename="src/include/render/scene.h" />
		<Unit filename="src/include/render/sdl.h" />
		<Unit filename="src/include/render/shader.h" />
		<Unit filename="src/include/render/sound.h" />
		<Unit filename="src/include/render/texture.h" />
		<Unit filename="src/include/render/ui.h" />
		<Unit filename="src/include/render/vertex.h" />
		<Unit filename="src/include/util/List.h" />
		<Unit filename="src/include/util/general_def.h" />
		<Unit filename="src/include/util/parser.h" />
		<Unit filename="src/include/util/settings.h" />
		<Unit filename="src/include/util/vector.h" />
		<Unit filename="src/lua/cameraLW.cpp" />
		<Unit filename="src/lua/levelLW.cpp" />
		<Unit filename="src/lua/lightLW.cpp" />
		<Unit filename="src/lua/materialLW.cpp" />
		<Unit filename="src/lua/objectLW.cpp" />
		<Unit filename="src/lua/profilerLW.cpp" />
		<Unit filename="src/lua/sceneLW.cpp" />
		<Unit filename="src/lua/script.cpp" />
		<Unit filename="src/lua/sdlLW.cpp" />
		<Unit filename="src/lua/settingsLW.cpp" />
		<Unit filename="src/lua/shaderLW.cpp" />
		<Unit filename="src/lua/soundLW.cpp" />
		<Unit filename="src/lua/uiLW.cpp" />
		<Unit filename="src/lua/vectorLW.cpp" />
		<Unit filename="src/optimize/profiler.cpp">
			<Option target="Debug" />
		</Unit>
		<Unit filename="src/physics/ExtMaths.cpp" />
		<Unit filename="src/physics/PhysicsEngine.cpp" />
		<Unit filename="src/physics/boundobjects.cpp" />
		<Unit filename="src/physics/collision.cpp" />
		<Unit filename="src/render/camera.cpp" />
		<Unit filename="src/render/font.cpp" />
		<Unit filename="src/render/fps.cpp" />
		<Unit filename="src/render/level.cpp" />
		<Unit filename="src/render/light.cpp" />
		<Unit filename="src/render/material.cpp" />
		<Unit filename="src/render/object.cpp" />
		<Unit filename="src/render/polygon.cpp" />
		<Unit filename="src/render/scene.cpp" />
		<Unit filename="src/render/sdl.cpp" />
		<Unit filename="src/render/shader.cpp" />
		<Unit filename="src/render/sound.cpp" />
		<Unit filename="src/render/texture.cpp" />
		<Unit filename="src/render/ui.cpp" />
		<Unit filename="src/render/vertex.cpp" />
		<Unit filename="src/shaders/basicfrag.glsl" />
		<Unit filename="src/shaders/basicvert.glsl" />
		<Unit filename="src/util/parser.cpp" />
		<Unit filename="src/util/settings.cpp" />
		<Unit filename="src/util/vector.cpp" />
		<Extensions>
			<envvars />
			<code_completion />
			<debugger />
			<lib_finder disable_auto="1" />
		</Extensions>
	</Project>
</CodeBlocks_project_file>
