<?xml version="1.0" encoding="UTF-8" standalone="yes" ?>
<CodeBlocks_project_file>
	<FileVersion major="1" minor="6" />
	<Project>
		<Option title="Cryolite" />
		<Option pch_mode="2" />
		<Option compiler="gcc" />
		<Option virtualFolders="game/;" />
		<Build>
			<Target title="Debug">
				<Option output="bin/Debug/Cryolite" prefix_auto="1" extension_auto="1" />
				<Option object_output="obj/Debug/" />
				<Option type="1" />
				<Option compiler="gcc" />
				<Compiler>
					<Add option="-g" />
					<Add option="-std=gnu++0x" />
					<Add option="-DDEBUG" />
				</Compiler>
				<Linker>
					<Add option="-lGL" />
					<Add option="-lGLU" />
					<Add option="-lSDL_image" />
					<Add option="-lSDL_ttf" />
					<Add option="-lSDL_mixer" />
					<Add option="-lalut" />
					<Add option="-lopenal" />
					<Add option="-llua" />
					<Add option="-ldl" />
				</Linker>
			</Target>
			<Target title="Release">
				<Option output="Cryolite" prefix_auto="1" extension_auto="1" />
				<Option object_output="obj/Release/" />
				<Option type="0" />
				<Option compiler="gcc" />
				<Compiler>
					<Add option="-O2" />
				</Compiler>
				<Linker>
					<Add option="-s" />
				</Linker>
			</Target>
		</Build>
		<Compiler>
			<Add option="-Wall" />
			<Add option="`sdl-config --cflags`" />
			<Add option="-I include" />
			<Add option="-I include/game" />
			<Add option="-I include/render" />
			<Add option="-I include/util" />
			<Add directory="/usr/include/SDL" />
		</Compiler>
		<Linker>
			<Add option="`sdl-config --libs`" />
			<Add option="-lGL" />
			<Add option="-lGLU" />
			<Add option="-lSDL_image" />
			<Add option="-lSDL_ttf" />
			<Add option="-lSDL_mixer" />
			<Add option="-lalut" />
			<Add option="-lopenal" />
		</Linker>
		<Unit filename="settings.lua" />
		<Unit filename="game/controls.cpp" />
		<Unit filename="game/main.cpp" />
		<Unit filename="game/models.cpp" />
		<Unit filename="game/scripts/testscript.lua" />
		<Unit filename="include/game/controls.h" />
		<Unit filename="include/game/models.h" />
		<Unit filename="include/lua/script.h" />
		<Unit filename="include/physics/PhysicsEngine.h" />
		<Unit filename="include/physics/boundobjects.h" />
		<Unit filename="include/physics/collision.h" />
		<Unit filename="include/physics/forces.h" />
		<Unit filename="include/render/camera.h" />
		<Unit filename="include/render/font.h" />
		<Unit filename="include/render/fps.h" />
		<Unit filename="include/render/level.h" />
		<Unit filename="include/render/light.h" />
		<Unit filename="include/render/material.h" />
		<Unit filename="include/render/object.h" />
		<Unit filename="include/render/polygon.h" />
		<Unit filename="include/render/scene.h" />
		<Unit filename="include/render/sdl.h" />
		<Unit filename="include/render/shader.h" />
		<Unit filename="include/render/sound.h" />
		<Unit filename="include/render/texture.h" />
		<Unit filename="include/render/ui.h" />
		<Unit filename="include/render/vertex.h" />
		<Unit filename="include/util/List.h" />
		<Unit filename="include/util/general_def.h" />
		<Unit filename="include/util/general_structs.h" />
		<Unit filename="include/util/parser.h" />
		<Unit filename="include/util/settings.h" />
		<Unit filename="include/util/vector.h" />
		<Unit filename="lua/cameraLW.cpp" />
		<Unit filename="lua/levelLW.cpp" />
		<Unit filename="lua/lightLW.cpp" />
		<Unit filename="lua/materialLW.cpp" />
		<Unit filename="lua/objectLW.cpp" />
		<Unit filename="lua/sceneLW.cpp" />
		<Unit filename="lua/script.cpp" />
		<Unit filename="lua/sdlLW.cpp" />
		<Unit filename="lua/settingsLW.cpp" />
		<Unit filename="lua/shaderLW.cpp" />
		<Unit filename="lua/soundLW.cpp" />
		<Unit filename="lua/uiLW.cpp" />
		<Unit filename="lua/vectorLW.cpp" />
		<Unit filename="physics/PhysicsEngine.cpp" />
		<Unit filename="physics/boundobjects.cpp" />
		<Unit filename="physics/collision.cpp" />
		<Unit filename="physics/forces.cpp" />
		<Unit filename="render/camera.cpp" />
		<Unit filename="render/font.cpp" />
		<Unit filename="render/fps.cpp" />
		<Unit filename="render/level.cpp" />
		<Unit filename="render/light.cpp" />
		<Unit filename="render/material.cpp" />
		<Unit filename="render/object.cpp" />
		<Unit filename="render/polygon.cpp" />
		<Unit filename="render/scene.cpp" />
		<Unit filename="render/sdl.cpp" />
		<Unit filename="render/shader.cpp" />
		<Unit filename="render/sound.cpp" />
		<Unit filename="render/texture.cpp" />
		<Unit filename="render/ui.cpp" />
		<Unit filename="shaders/basicfrag.glsl" />
		<Unit filename="shaders/basicvert.glsl" />
		<Unit filename="util/parser.cpp" />
		<Unit filename="util/settings.cpp" />
		<Unit filename="util/vector.cpp" />
		<Extensions>
			<envvars />
			<code_completion />
			<debugger />
			<lib_finder disable_auto="1" />
		</Extensions>
	</Project>
</CodeBlocks_project_file>
